
Microsoft Visual Studio Solution File, Format Version 12.00
Project("{FAE04EC0-301F-11D3-BF4B-00C04F79EFBC}") = "ControlUnit", "ControlUnit\ControlUnit.csproj", "{8E8F2FA1-8EA1-4E6D-9B28-36B47BE961EA}"
EndProject
Project("{FAE04EC0-301F-11D3-BF4B-00C04F79EFBC}") = "TrafficLight", "TrafficLight\TrafficLight.csproj", "{6AB6786B-9F1A-4058-A067-41B879C2B947}"
EndProject
Project("{FAE04EC0-301F-11D3-BF4B-00C04F79EFBC}") = "Shared", "Shared\Shared.csproj", "{B77045DC-88A2-4BBB-B390-08EC83934F49}"
EndProject
Project("{FAE04EC0-301F-11D3-BF4B-00C04F79EFBC}") = "UnitTest", "UnitTest\UnitTest.csproj", "{C103CD67-3010-4283-B439-D3F82D02BFC2}"
EndProject
Global
	GlobalSection(SolutionConfigurationPlatforms) = preSolution
		Debug|Any CPU = Debug|Any CPU
		Release|Any CPU = Release|Any CPU
	EndGlobalSection
	GlobalSection(ProjectConfigurationPlatforms) = postSolution
		{8E8F2FA1-8EA1-4E6D-9B28-36B47BE961EA}.Debug|Any CPU.ActiveCfg = Debug|Any CPU
		{8E8F2FA1-8EA1-4E6D-9B28-36B47BE961EA}.Debug|Any CPU.Build.0 = Debug|Any CPU
		{8E8F2FA1-8EA1-4E6D-9B28-36B47BE961EA}.Release|Any CPU.ActiveCfg = Release|Any CPU
		{8E8F2FA1-8EA1-4E6D-9B28-36B47BE961EA}.Release|Any CPU.Build.0 = Release|Any CPU
		{6AB6786B-9F1A-4058-A067-41B879C2B947}.Debug|Any CPU.ActiveCfg = Debug|Any CPU
		{6AB6786B-9F1A-4058-A067-41B879C2B947}.Debug|Any CPU.Build.0 = Debug|Any CPU
		{6AB6786B-9F1A-4058-A067-41B879C2B947}.Release|Any CPU.ActiveCfg = Release|Any CPU
		{6AB6786B-9F1A-4058-A067-41B879C2B947}.Release|Any CPU.Build.0 = Release|Any CPU
		{B77045DC-88A2-4BBB-B390-08EC83934F49}.Debug|Any CPU.ActiveCfg = Debug|Any CPU
		{B77045DC-88A2-4BBB-B390-08EC83934F49}.Debug|Any CPU.Build.0 = Debug|Any CPU
		{B77045DC-88A2-4BBB-B390-08EC83934F49}.Release|Any CPU.ActiveCfg = Release|Any CPU
		{B77045DC-88A2-4BBB-B390-08EC83934F49}.Release|Any CPU.Build.0 = Release|Any CPU
		{C103CD67-3010-4283-B439-D3F82D02BFC2}.Debug|Any CPU.ActiveCfg = Debug|Any CPU
		{C103CD67-3010-4283-B439-D3F82D02BFC2}.Debug|Any CPU.Build.0 = Debug|Any CPU
		{C103CD67-3010-4283-B439-D3F82D02BFC2}.Release|Any CPU.ActiveCfg = Release|Any CPU
		{C103CD67-3010-4283-B439-D3F82D02BFC2}.Release|Any CPU.Build.0 = Release|Any CPU
	EndGlobalSection
EndGlobal
